
Microsoft Visual Studio Solution File, Format Version 12.00
# Visual Studio Version 17
VisualStudioVersion = 17.0.31912.275
MinimumVisualStudioVersion = 10.0.40219.1
Project("{FAE04EC0-301F-11D3-BF4B-00C04F79EFBC}") = "MassTransit.Correlation.Service", "MassTransit.Correlation.Service\MassTransit.Correlation.Service.csproj", "{B3B0916B-BBDD-471A-B0E3-1D8B1A8E364D}"
EndProject
Global
	GlobalSection(SolutionConfigurationPlatforms) = preSolution
		Debug|Any CPU = Debug|Any CPU
		Release|Any CPU = Release|Any CPU
	EndGlobalSection
	GlobalSection(ProjectConfigurationPlatforms) = postSolution
		{B3B0916B-BBDD-471A-B0E3-1D8B1A8E364D}.Debug|Any CPU.ActiveCfg = Debug|Any CPU
		{B3B0916B-BBDD-471A-B0E3-1D8B1A8E364D}.Debug|Any CPU.Build.0 = Debug|Any CPU
		{B3B0916B-BBDD-471A-B0E3-1D8B1A8E364D}.Release|Any CPU.ActiveCfg = Release|Any CPU
		{B3B0916B-BBDD-471A-B0E3-1D8B1A8E364D}.Release|Any CPU.Build.0 = Release|Any CPU
	EndGlobalSection
	GlobalSection(SolutionProperties) = preSolution
		HideSolutionNode = FALSE
	EndGlobalSection
	GlobalSection(ExtensibilityGlobals) = postSolution
		SolutionGuid = {6253DACA-CE51-445A-81E5-22ACBBBB5E30}
	EndGlobalSection
EndGlobal
